// !$*UTF8*$!
{
	archiveVersion = 1;
	classes = {
	};
	objectVersion = 51;
	objects = {

/* Begin PBXBuildFile section */
		083333078865F7A7A0118CAD /* Pods_EngineeringAITest.framework in Frameworks */ = {isa = PBXBuildFile; fileRef = C1E41DB5E9C00D7F7B72247D /* Pods_EngineeringAITest.framework */; };
		675135FA234C887F008180D5 /* AppDelegate.swift in Sources */ = {isa = PBXBuildFile; fileRef = 675135F9234C887F008180D5 /* AppDelegate.swift */; };
		675135FC234C887F008180D5 /* PostViewController.swift in Sources */ = {isa = PBXBuildFile; fileRef = 675135FB234C887F008180D5 /* PostViewController.swift */; };
		675135FF234C887F008180D5 /* Main.storyboard in Resources */ = {isa = PBXBuildFile; fileRef = 675135FD234C887F008180D5 /* Main.storyboard */; };
		67513601234C8882008180D5 /* Assets.xcassets in Resources */ = {isa = PBXBuildFile; fileRef = 67513600234C8882008180D5 /* Assets.xcassets */; };
		67513604234C8882008180D5 /* LaunchScreen.storyboard in Resources */ = {isa = PBXBuildFile; fileRef = 67513602234C8882008180D5 /* LaunchScreen.storyboard */; };
		6751360D234C8A14008180D5 /* Router.swift in Sources */ = {isa = PBXBuildFile; fileRef = 6751360B234C8A14008180D5 /* Router.swift */; };
		6751360E234C8A14008180D5 /* Webservice.swift in Sources */ = {isa = PBXBuildFile; fileRef = 6751360C234C8A14008180D5 /* Webservice.swift */; };
		67513611234C8A1D008180D5 /* UITableView+Extension.swift in Sources */ = {isa = PBXBuildFile; fileRef = 6751360F234C8A1D008180D5 /* UITableView+Extension.swift */; };
		67513612234C8A1D008180D5 /* UINavigationController.swift in Sources */ = {isa = PBXBuildFile; fileRef = 67513610234C8A1D008180D5 /* UINavigationController.swift */; };
		67513616234C8AE5008180D5 /* Post.swift in Sources */ = {isa = PBXBuildFile; fileRef = 67513615234C8AE5008180D5 /* Post.swift */; };
		67513618234C8C04008180D5 /* PostListViewModel.swift in Sources */ = {isa = PBXBuildFile; fileRef = 67513617234C8C04008180D5 /* PostListViewModel.swift */; };
		6751361A234C8CFA008180D5 /* PostCell.swift in Sources */ = {isa = PBXBuildFile; fileRef = 67513619234C8CFA008180D5 /* PostCell.swift */; };
		6751361D234C8E42008180D5 /* ViewModelState.swift in Sources */ = {isa = PBXBuildFile; fileRef = 6751361B234C8E42008180D5 /* ViewModelState.swift */; };
		6751361E234C8E42008180D5 /* TTResponse.swift in Sources */ = {isa = PBXBuildFile; fileRef = 6751361C234C8E42008180D5 /* TTResponse.swift */; };
		67513620234C8E86008180D5 /* PostViewInteractor.swift in Sources */ = {isa = PBXBuildFile; fileRef = 6751361F234C8E86008180D5 /* PostViewInteractor.swift */; };
/* End PBXBuildFile section */

/* Begin PBXFileReference section */
		62822235959856C29C6553CC /* Pods-EngineeringAITest.debug.xcconfig */ = {isa = PBXFileReference; includeInIndex = 1; lastKnownFileType = text.xcconfig; name = "Pods-EngineeringAITest.debug.xcconfig"; path = "Target Support Files/Pods-EngineeringAITest/Pods-EngineeringAITest.debug.xcconfig"; sourceTree = "<group>"; };
		675135F6234C887F008180D5 /* EngineeringAITest.app */ = {isa = PBXFileReference; explicitFileType = wrapper.application; includeInIndex = 0; path = EngineeringAITest.app; sourceTree = BUILT_PRODUCTS_DIR; };
		675135F9234C887F008180D5 /* AppDelegate.swift */ = {isa = PBXFileReference; lastKnownFileType = sourcecode.swift; path = AppDelegate.swift; sourceTree = "<group>"; };
		675135FB234C887F008180D5 /* PostViewController.swift */ = {isa = PBXFileReference; lastKnownFileType = sourcecode.swift; path = PostViewController.swift; sourceTree = "<group>"; };
		675135FE234C887F008180D5 /* Base */ = {isa = PBXFileReference; lastKnownFileType = file.storyboard; name = Base; path = Base.lproj/Main.storyboard; sourceTree = "<group>"; };
		67513600234C8882008180D5 /* Assets.xcassets */ = {isa = PBXFileReference; lastKnownFileType = folder.assetcatalog; path = Assets.xcassets; sourceTree = "<group>"; };
		67513603234C8882008180D5 /* Base */ = {isa = PBXFileReference; lastKnownFileType = file.storyboard; name = Base; path = Base.lproj/LaunchScreen.storyboard; sourceTree = "<group>"; };
		67513605234C8882008180D5 /* Info.plist */ = {isa = PBXFileReference; lastKnownFileType = text.plist.xml; path = Info.plist; sourceTree = "<group>"; };
		6751360B234C8A14008180D5 /* Router.swift */ = {isa = PBXFileReference; fileEncoding = 4; lastKnownFileType = sourcecode.swift; path = Router.swift; sourceTree = "<group>"; };
		6751360C234C8A14008180D5 /* Webservice.swift */ = {isa = PBXFileReference; fileEncoding = 4; lastKnownFileType = sourcecode.swift; path = Webservice.swift; sourceTree = "<group>"; };
		6751360F234C8A1D008180D5 /* UITableView+Extension.swift */ = {isa = PBXFileReference; fileEncoding = 4; lastKnownFileType = sourcecode.swift; path = "UITableView+Extension.swift"; sourceTree = "<group>"; };
		67513610234C8A1D008180D5 /* UINavigationController.swift */ = {isa = PBXFileReference; fileEncoding = 4; lastKnownFileType = sourcecode.swift; path = UINavigationController.swift; sourceTree = "<group>"; };
		67513615234C8AE5008180D5 /* Post.swift */ = {isa = PBXFileReference; lastKnownFileType = sourcecode.swift; path = Post.swift; sourceTree = "<group>"; };
		67513617234C8C04008180D5 /* PostListViewModel.swift */ = {isa = PBXFileReference; lastKnownFileType = sourcecode.swift; path = PostListViewModel.swift; sourceTree = "<group>"; };
		67513619234C8CFA008180D5 /* PostCell.swift */ = {isa = PBXFileReference; lastKnownFileType = sourcecode.swift; path = PostCell.swift; sourceTree = "<group>"; };
		6751361B234C8E42008180D5 /* ViewModelState.swift */ = {isa = PBXFileReference; fileEncoding = 4; lastKnownFileType = sourcecode.swift; path = ViewModelState.swift; sourceTree = "<group>"; };
		6751361C234C8E42008180D5 /* TTResponse.swift */ = {isa = PBXFileReference; fileEncoding = 4; lastKnownFileType = sourcecode.swift; path = TTResponse.swift; sourceTree = "<group>"; };
		6751361F234C8E86008180D5 /* PostViewInteractor.swift */ = {isa = PBXFileReference; fileEncoding = 4; lastKnownFileType = sourcecode.swift; path = PostViewInteractor.swift; sourceTree = "<group>"; };
		C1E41DB5E9C00D7F7B72247D /* Pods_EngineeringAITest.framework */ = {isa = PBXFileReference; explicitFileType = wrapper.framework; includeInIndex = 0; path = Pods_EngineeringAITest.framework; sourceTree = BUILT_PRODUCTS_DIR; };
		F6821A28F5B3B94B82BA418B /* Pods-EngineeringAITest.release.xcconfig */ = {isa = PBXFileReference; includeInIndex = 1; lastKnownFileType = text.xcconfig; name = "Pods-EngineeringAITest.release.xcconfig"; path = "Target Support Files/Pods-EngineeringAITest/Pods-EngineeringAITest.release.xcconfig"; sourceTree = "<group>"; };
/* End PBXFileReference section */

/* Begin PBXFrameworksBuildPhase section */
		675135F3234C887F008180D5 /* Frameworks */ = {
			isa = PBXFrameworksBuildPhase;
			buildActionMask = 2147483647;
			files = (
				083333078865F7A7A0118CAD /* Pods_EngineeringAITest.framework in Frameworks */,
			);
			runOnlyForDeploymentPostprocessing = 0;
		};
/* End PBXFrameworksBuildPhase section */

/* Begin PBXGroup section */
		51B797A292A3CE492B029033 /* Pods */ = {
			isa = PBXGroup;
			children = (
				62822235959856C29C6553CC /* Pods-EngineeringAITest.debug.xcconfig */,
				F6821A28F5B3B94B82BA418B /* Pods-EngineeringAITest.release.xcconfig */,
			);
			path = Pods;
			sourceTree = "<group>";
		};
		675135ED234C887F008180D5 = {
			isa = PBXGroup;
			children = (
				675135F8234C887F008180D5 /* EngineeringAITest */,
				675135F7234C887F008180D5 /* Products */,
				51B797A292A3CE492B029033 /* Pods */,
				D80AED0558F66D0D688F5229 /* Frameworks */,
			);
			sourceTree = "<group>";
		};
		675135F7234C887F008180D5 /* Products */ = {
			isa = PBXGroup;
			children = (
				675135F6234C887F008180D5 /* EngineeringAITest.app */,
			);
			name = Products;
			sourceTree = "<group>";
		};
		675135F8234C887F008180D5 /* EngineeringAITest */ = {
			isa = PBXGroup;
			children = (
				675135F9234C887F008180D5 /* AppDelegate.swift */,
				67513615234C8AE5008180D5 /* Post.swift */,
				6751361F234C8E86008180D5 /* PostViewInteractor.swift */,
				675135FB234C887F008180D5 /* PostViewController.swift */,
				67513617234C8C04008180D5 /* PostListViewModel.swift */,
				67513619234C8CFA008180D5 /* PostCell.swift */,
				67513614234C8A29008180D5 /* Utility */,
				675135FD234C887F008180D5 /* Main.storyboard */,
				67513600234C8882008180D5 /* Assets.xcassets */,
				67513602234C8882008180D5 /* LaunchScreen.storyboard */,
				67513605234C8882008180D5 /* Info.plist */,
			);
			path = EngineeringAITest;
			sourceTree = "<group>";
		};
		67513614234C8A29008180D5 /* Utility */ = {
			isa = PBXGroup;
			children = (
				6751360B234C8A14008180D5 /* Router.swift */,
				6751360C234C8A14008180D5 /* Webservice.swift */,
				67513610234C8A1D008180D5 /* UINavigationController.swift */,
				6751360F234C8A1D008180D5 /* UITableView+Extension.swift */,
				6751361C234C8E42008180D5 /* TTResponse.swift */,
				6751361B234C8E42008180D5 /* ViewModelState.swift */,
			);
			path = Utility;
			sourceTree = "<group>";
		};
		D80AED0558F66D0D688F5229 /* Frameworks */ = {
			isa = PBXGroup;
			children = (
				C1E41DB5E9C00D7F7B72247D /* Pods_EngineeringAITest.framework */,
			);
			name = Frameworks;
			sourceTree = "<group>";
		};
/* End PBXGroup section */

/* Begin PBXNativeTarget section */
		675135F5234C887F008180D5 /* EngineeringAITest */ = {
			isa = PBXNativeTarget;
			buildConfigurationList = 67513608234C8882008180D5 /* Build configuration list for PBXNativeTarget "EngineeringAITest" */;
			buildPhases = (
				99846A9B70775E503BCCAB72 /* [CP] Check Pods Manifest.lock */,
				675135F2234C887F008180D5 /* Sources */,
				675135F3234C887F008180D5 /* Frameworks */,
				675135F4234C887F008180D5 /* Resources */,
				493379EAF5089E35E8C49D04 /* [CP] Embed Pods Frameworks */,
			);
			buildRules = (
			);
			dependencies = (
			);
			name = EngineeringAITest;
			productName = EngineeringAITest;
			productReference = 675135F6234C887F008180D5 /* EngineeringAITest.app */;
			productType = "com.apple.product-type.application";
		};
/* End PBXNativeTarget section */

/* Begin PBXProject section */
		675135EE234C887F008180D5 /* Project object */ = {
			isa = PBXProject;
			attributes = {
				LastSwiftUpdateCheck = 1020;
				LastUpgradeCheck = 1020;
				ORGANIZATIONNAME = Tatvasoft;
				TargetAttributes = {
					675135F5234C887F008180D5 = {
						CreatedOnToolsVersion = 10.2;
					};
				};
			};
			buildConfigurationList = 675135F1234C887F008180D5 /* Build configuration list for PBXProject "EngineeringAITest" */;
			compatibilityVersion = "Xcode 9.3";
			developmentRegion = en;
			hasScannedForEncodings = 0;
			knownRegions = (
				en,
				Base,
			);
			mainGroup = 675135ED234C887F008180D5;
			productRefGroup = 675135F7234C887F008180D5 /* Products */;
			projectDirPath = "";
			projectRoot = "";
			targets = (
				675135F5234C887F008180D5 /* EngineeringAITest */,
			);
		};
/* End PBXProject section */

/* Begin PBXResourcesBuildPhase section */
		675135F4234C887F008180D5 /* Resources */ = {
			isa = PBXResourcesBuildPhase;
			buildActionMask = 2147483647;
			files = (
				67513604234C8882008180D5 /* LaunchScreen.storyboard in Resources */,
				67513601234C8882008180D5 /* Assets.xcassets in Resources */,
				675135FF234C887F008180D5 /* Main.storyboard in Resources */,
			);
			runOnlyForDeploymentPostprocessing = 0;
		};
/* End PBXResourcesBuildPhase section */

/* Begin PBXShellScriptBuildPhase section */
		493379EAF5089E35E8C49D04 /* [CP] Embed Pods Frameworks */ = {
			isa = PBXShellScriptBuildPhase;
			buildActionMask = 2147483647;
			files = (
			);
			inputFileListPaths = (
				"${PODS_ROOT}/Target Support Files/Pods-EngineeringAITest/Pods-EngineeringAITest-frameworks-${CONFIGURATION}-input-files.xcfilelist",
			);
			name = "[CP] Embed Pods Frameworks";
			outputFileListPaths = (
				"${PODS_ROOT}/Target Support Files/Pods-EngineeringAITest/Pods-EngineeringAITest-frameworks-${CONFIGURATION}-output-files.xcfilelist",
			);
			runOnlyForDeploymentPostprocessing = 0;
			shellPath = /bin/sh;
			shellScript = "\"${PODS_ROOT}/Target Support Files/Pods-EngineeringAITest/Pods-EngineeringAITest-frameworks.sh\"\n";
			showEnvVarsInLog = 0;
		};
		99846A9B70775E503BCCAB72 /* [CP] Check Pods Manifest.lock */ = {
			isa = PBXShellScriptBuildPhase;
			buildActionMask = 2147483647;
			files = (
			);
			inputFileListPaths = (
			);
			inputPaths = (
				"${PODS_PODFILE_DIR_PATH}/Podfile.lock",
				"${PODS_ROOT}/Manifest.lock",
			);
			name = "[CP] Check Pods Manifest.lock";
			outputFileListPaths = (
			);
			outputPaths = (
				"$(DERIVED_FILE_DIR)/Pods-EngineeringAITest-checkManifestLockResult.txt",
			);
			runOnlyForDeploymentPostprocessing = 0;
			shellPath = /bin/sh;
			shellScript = "diff \"${PODS_PODFILE_DIR_PATH}/Podfile.lock\" \"${PODS_ROOT}/Manifest.lock\" > /dev/null\nif [ $? != 0 ] ; then\n    # print error to STDERR\n    echo \"error: The sandbox is not in sync with the Podfile.lock. Run 'pod install' or update your CocoaPods installation.\" >&2\n    exit 1\nfi\n# This output is used by Xcode 'outputs' to avoid re-running this script phase.\necho \"SUCCESS\" > \"${SCRIPT_OUTPUT_FILE_0}\"\n";
			showEnvVarsInLog = 0;
		};
/* End PBXShellScriptBuildPhase section */

/* Begin PBXSourcesBuildPhase section */
		675135F2234C887F008180D5 /* Sources */ = {
			isa = PBXSourcesBuildPhase;
			buildActionMask = 2147483647;
			files = (
				6751361D234C8E42008180D5 /* ViewModelState.swift in Sources */,
				67513618234C8C04008180D5 /* PostListViewModel.swift in Sources */,
				675135FC234C887F008180D5 /* PostViewController.swift in Sources */,
				67513620234C8E86008180D5 /* PostViewInteractor.swift in Sources */,
				6751360D234C8A14008180D5 /* Router.swift in Sources */,
				67513611234C8A1D008180D5 /* UITableView+Extension.swift in Sources */,
				67513612234C8A1D008180D5 /* UINavigationController.swift in Sources */,
				6751361A234C8CFA008180D5 /* PostCell.swift in Sources */,
				6751360E234C8A14008180D5 /* Webservice.swift in Sources */,
				67513616234C8AE5008180D5 /* Post.swift in Sources */,
				6751361E234C8E42008180D5 /* TTResponse.swift in Sources */,
				675135FA234C887F008180D5 /* AppDelegate.swift in Sources */,
			);
			runOnlyForDeploymentPostprocessing = 0;
		};
/* End PBXSourcesBuildPhase section */

/* Begin PBXVariantGroup section */
		675135FD234C887F008180D5 /* Main.storyboard */ = {
			isa = PBXVariantGroup;
			children = (
				675135FE234C887F008180D5 /* Base */,
			);
			name = Main.storyboard;
			sourceTree = "<group>";
		};
		67513602234C8882008180D5 /* LaunchScreen.storyboard */ = {
			isa = PBXVariantGroup;
			children = (
				67513603234C8882008180D5 /* Base */,
			);
			name = LaunchScreen.storyboard;
			sourceTree = "<group>";
		};
/* End PBXVariantGroup section */

/* Begin XCBuildConfiguration section */
		67513606234C8882008180D5 /* Debug */ = {
			isa = XCBuildConfiguration;
			buildSettings = {
				ALWAYS_SEARCH_USER_PATHS = NO;
				CLANG_ANALYZER_NONNULL = YES;
				CLANG_ANALYZER_NUMBER_OBJECT_CONVERSION = YES_AGGRESSIVE;
				CLANG_CXX_LANGUAGE_STANDARD = "gnu++14";
				CLANG_CXX_LIBRARY = "libc++";
				CLANG_ENABLE_MODULES = YES;
				CLANG_ENABLE_OBJC_ARC = YES;
				CLANG_ENABLE_OBJC_WEAK = YES;
				CLANG_WARN_BLOCK_CAPTURE_AUTORELEASING = YES;
				CLANG_WARN_BOOL_CONVERSION = YES;
				CLANG_WARN_COMMA = YES;
				CLANG_WARN_CONSTANT_CONVERSION = YES;
				CLANG_WARN_DEPRECATED_OBJC_IMPLEMENTATIONS = YES;
				CLANG_WARN_DIRECT_OBJC_ISA_USAGE = YES_ERROR;
				CLANG_WARN_DOCUMENTATION_COMMENTS = YES;
				CLANG_WARN_EMPTY_BODY = YES;
				CLANG_WARN_ENUM_CONVERSION = YES;
				CLANG_WARN_INFINITE_RECURSION = YES;
				CLANG_WARN_INT_CONVERSION = YES;
				CLANG_WARN_NON_LITERAL_NULL_CONVERSION = YES;
				CLANG_WARN_OBJC_IMPLICIT_RETAIN_SELF = YES;
				CLANG_WARN_OBJC_LITERAL_CONVERSION = YES;
				CLANG_WARN_OBJC_ROOT_CLASS = YES_ERROR;
				CLANG_WARN_RANGE_LOOP_ANALYSIS = YES;
				CLANG_WARN_STRICT_PROTOTYPES = YES;
				CLANG_WARN_SUSPICIOUS_MOVE = YES;
				CLANG_WARN_UNGUARDED_AVAILABILITY = YES_AGGRESSIVE;
				CLANG_WARN_UNREACHABLE_CODE = YES;
				CLANG_WARN__DUPLICATE_METHOD_MATCH = YES;
				CODE_SIGN_IDENTITY = "iPhone Developer";
				COPY_PHASE_STRIP = NO;
				DEBUG_INFORMATION_FORMAT = dwarf;
				ENABLE_STRICT_OBJC_MSGSEND = YES;
				ENABLE_TESTABILITY = YES;
				GCC_C_LANGUAGE_STANDARD = gnu11;
				GCC_DYNAMIC_NO_PIC = NO;
				GCC_NO_COMMON_BLOCKS = YES;
				GCC_OPTIMIZATION_LEVEL = 0;
				GCC_PREPROCESSOR_DEFINITIONS = (
					"DEBUG=1",
					"$(inherited)",
				);
				GCC_WARN_64_TO_32_BIT_CONVERSION = YES;
				GCC_WARN_ABOUT_RETURN_TYPE = YES_ERROR;
				GCC_WARN_UNDECLARED_SELECTOR = YES;
				GCC_WARN_UNINITIALIZED_AUTOS = YES_AGGRESSIVE;
				GCC_WARN_UNUSED_FUNCTION = YES;
				GCC_WARN_UNUSED_VARIABLE = YES;
				IPHONEOS_DEPLOYMENT_TARGET = 12.2;
				MTL_ENABLE_DEBUG_INFO = INCLUDE_SOURCE;
				MTL_FAST_MATH = YES;
				ONLY_ACTIVE_ARCH = YES;
				SDKROOT = iphoneos;
				SWIFT_ACTIVE_COMPILATION_CONDITIONS = DEBUG;
				SWIFT_OPTIMIZATION_LEVEL = "-Onone";
			};
			name = Debug;
		};
		67513607234C8882008180D5 /* Release */ = {
			isa = XCBuildConfiguration;
			buildSettings = {
				ALWAYS_SEARCH_USER_PATHS = NO;
				CLANG_ANALYZER_NONNULL = YES;
				CLANG_ANALYZER_NUMBER_OBJECT_CONVERSION = YES_AGGRESSIVE;
				CLANG_CXX_LANGUAGE_STANDARD = "gnu++14";
				CLANG_CXX_LIBRARY = "libc++";
				CLANG_ENABLE_MODULES = YES;
				CLANG_ENABLE_OBJC_ARC = YES;
				CLANG_ENABLE_OBJC_WEAK = YES;
				CLANG_WARN_BLOCK_CAPTURE_AUTORELEASING = YES;
				CLANG_WARN_BOOL_CONVERSION = YES;
				CLANG_WARN_COMMA = YES;
				CLANG_WARN_CONSTANT_CONVERSION = YES;
				CLANG_WARN_DEPRECATED_OBJC_IMPLEMENTATIONS = YES;
				CLANG_WARN_DIRECT_OBJC_ISA_USAGE = YES_ERROR;
				CLANG_WARN_DOCUMENTATION_COMMENTS = YES;
				CLANG_WARN_EMPTY_BODY = YES;
				CLANG_WARN_ENUM_CONVERSION = YES;
				CLANG_WARN_INFINITE_RECURSION = YES;
				CLANG_WARN_INT_CONVERSION = YES;
				CLANG_WARN_NON_LITERAL_NULL_CONVERSION = YES;
				CLANG_WARN_OBJC_IMPLICIT_RETAIN_SELF = YES;
				CLANG_WARN_OBJC_LITERAL_CONVERSION = YES;
				CLANG_WARN_OBJC_ROOT_CLASS = YES_ERROR;
				CLANG_WARN_RANGE_LOOP_ANALYSIS = YES;
				CLANG_WARN_STRICT_PROTOTYPES = YES;
				CLANG_WARN_SUSPICIOUS_MOVE = YES;
				CLANG_WARN_UNGUARDED_AVAILABILITY = YES_AGGRESSIVE;
				CLANG_WARN_UNREACHABLE_CODE = YES;
				CLANG_WARN__DUPLICATE_METHOD_MATCH = YES;
				CODE_SIGN_IDENTITY = "iPhone Developer";
				COPY_PHASE_STRIP = NO;
				DEBUG_INFORMATION_FORMAT = "dwarf-with-dsym";
				ENABLE_NS_ASSERTIONS = NO;
				ENABLE_STRICT_OBJC_MSGSEND = YES;
				GCC_C_LANGUAGE_STANDARD = gnu11;
				GCC_NO_COMMON_BLOCKS = YES;
				GCC_WARN_64_TO_32_BIT_CONVERSION = YES;
				GCC_WARN_ABOUT_RETURN_TYPE = YES_ERROR;
				GCC_WARN_UNDECLARED_SELECTOR = YES;
				GCC_WARN_UNINITIALIZED_AUTOS = YES_AGGRESSIVE;
				GCC_WARN_UNUSED_FUNCTION = YES;
				GCC_WARN_UNUSED_VARIABLE = YES;
				IPHONEOS_DEPLOYMENT_TARGET = 12.2;
				MTL_ENABLE_DEBUG_INFO = NO;
				MTL_FAST_MATH = YES;
				SDKROOT = iphoneos;
				SWIFT_COMPILATION_MODE = wholemodule;
				SWIFT_OPTIMIZATION_LEVEL = "-O";
				VALIDATE_PRODUCT = YES;
			};
			name = Release;
		};
		67513609234C8882008180D5 /* Debug */ = {
			isa = XCBuildConfiguration;
			baseConfigurationReference = 62822235959856C29C6553CC /* Pods-EngineeringAITest.debug.xcconfig */;
			buildSettings = {
				ASSETCATALOG_COMPILER_APPICON_NAME = AppIcon;
				CODE_SIGN_STYLE = Automatic;
				INFOPLIST_FILE = EngineeringAITest/Info.plist;
				LD_RUNPATH_SEARCH_PATHS = (
					"$(inherited)",
					"@executable_path/Frameworks",
				);
				PRODUCT_BUNDLE_IDENTIFIER = com.tatva.EngineeringAITest;
				PRODUCT_NAME = "$(TARGET_NAME)";
				SWIFT_VERSION = 5.0;
				TARGETED_DEVICE_FAMILY = "1,2";
			};
			name = Debug;
		};
		6751360A234C8882008180D5 /* Release */ = {
			isa = XCBuildConfiguration;
			baseConfigurationReference = F6821A28F5B3B94B82BA418B /* Pods-EngineeringAITest.release.xcconfig */;
			buildSettings = {
				ASSETCATALOG_COMPILER_APPICON_NAME = AppIcon;
				CODE_SIGN_STYLE = Automatic;
				INFOPLIST_FILE = EngineeringAITest/Info.plist;
				LD_RUNPATH_SEARCH_PATHS = (
					"$(inherited)",
					"@executable_path/Frameworks",
				);
				PRODUCT_BUNDLE_IDENTIFIER = com.tatva.EngineeringAITest;
				PRODUCT_NAME = "$(TARGET_NAME)";
				SWIFT_VERSION = 5.0;
				TARGETED_DEVICE_FAMILY = "1,2";
			};
			name = Release;
		};
/* End XCBuildConfiguration section */

/* Begin XCConfigurationList section */
		675135F1234C887F008180D5 /* Build configuration list for PBXProject "EngineeringAITest" */ = {
			isa = XCConfigurationList;
			buildConfigurations = (
				67513606234C8882008180D5 /* Debug */,
				67513607234C8882008180D5 /* Release */,
			);
			defaultConfigurationIsVisible = 0;
			defaultConfigurationName = Release;
		};
		67513608234C8882008180D5 /* Build configuration list for PBXNativeTarget "EngineeringAITest" */ = {
			isa = XCConfigurationList;
			buildConfigurations = (
				67513609234C8882008180D5 /* Debug */,
				6751360A234C8882008180D5 /* Release */,
			);
			defaultConfigurationIsVisible = 0;
			defaultConfigurationName = Release;
		};
/* End XCConfigurationList section */
	};
	rootObject = 675135EE234C887F008180D5 /* Project object */;
}
